// !$*UTF8*$!
{
	archiveVersion = 1;
	classes = {
	};
	objectVersion = 50;
	objects = {

/* Begin PBXBuildFile section */
		CBBBFB2A23485EEE00314942 /* AppDelegate.swift in Sources */ = {isa = PBXBuildFile; fileRef = CBBBFB2923485EEE00314942 /* AppDelegate.swift */; };
		CBBBFB2C23485EEE00314942 /* SceneDelegate.swift in Sources */ = {isa = PBXBuildFile; fileRef = CBBBFB2B23485EEE00314942 /* SceneDelegate.swift */; };
		CBBBFB2E23485EEE00314942 /* ViewController.swift in Sources */ = {isa = PBXBuildFile; fileRef = CBBBFB2D23485EEE00314942 /* ViewController.swift */; };
		CBBBFB3123485EEE00314942 /* Main.storyboard in Resources */ = {isa = PBXBuildFile; fileRef = CBBBFB2F23485EEE00314942 /* Main.storyboard */; };
		CBBBFB3323485EF000314942 /* Assets.xcassets in Resources */ = {isa = PBXBuildFile; fileRef = CBBBFB3223485EF000314942 /* Assets.xcassets */; };
		CBBBFB3623485EF000314942 /* LaunchScreen.storyboard in Resources */ = {isa = PBXBuildFile; fileRef = CBBBFB3423485EF000314942 /* LaunchScreen.storyboard */; };
		CBBBFB3E2348642600314942 /* GenderByName.mlmodel in Sources */ = {isa = PBXBuildFile; fileRef = CBBBFB3D2348642600314942 /* GenderByName.mlmodel */; };
/* End PBXBuildFile section */

/* Begin PBXFileReference section */
		CBBBFB2623485EEE00314942 /* GenderPrediction.app */ = {isa = PBXFileReference; explicitFileType = wrapper.application; includeInIndex = 0; path = GenderPrediction.app; sourceTree = BUILT_PRODUCTS_DIR; };
		CBBBFB2923485EEE00314942 /* AppDelegate.swift */ = {isa = PBXFileReference; lastKnownFileType = sourcecode.swift; path = AppDelegate.swift; sourceTree = "<group>"; };
		CBBBFB2B23485EEE00314942 /* SceneDelegate.swift */ = {isa = PBXFileReference; lastKnownFileType = sourcecode.swift; path = SceneDelegate.swift; sourceTree = "<group>"; };
		CBBBFB2D23485EEE00314942 /* ViewController.swift */ = {isa = PBXFileReference; lastKnownFileType = sourcecode.swift; path = ViewController.swift; sourceTree = "<group>"; };
		CBBBFB3023485EEE00314942 /* Base */ = {isa = PBXFileReference; lastKnownFileType = file.storyboard; name = Base; path = Base.lproj/Main.storyboard; sourceTree = "<group>"; };
		CBBBFB3223485EF000314942 /* Assets.xcassets */ = {isa = PBXFileReference; lastKnownFileType = folder.assetcatalog; path = Assets.xcassets; sourceTree = "<group>"; };
		CBBBFB3523485EF000314942 /* Base */ = {isa = PBXFileReference; lastKnownFileType = file.storyboard; name = Base; path = Base.lproj/LaunchScreen.storyboard; sourceTree = "<group>"; };
		CBBBFB3723485EF000314942 /* Info.plist */ = {isa = PBXFileReference; lastKnownFileType = text.plist.xml; path = Info.plist; sourceTree = "<group>"; };
		CBBBFB3D2348642600314942 /* GenderByName.mlmodel */ = {isa = PBXFileReference; lastKnownFileType = file.mlmodel; path = GenderByName.mlmodel; sourceTree = "<group>"; };
/* End PBXFileReference section */

/* Begin PBXFrameworksBuildPhase section */
		CBBBFB2323485EEE00314942 /* Frameworks */ = {
			isa = PBXFrameworksBuildPhase;
			buildActionMask = 2147483647;
			files = (
			);
			runOnlyForDeploymentPostprocessing = 0;
		};
/* End PBXFrameworksBuildPhase section */

/* Begin PBXGroup section */
		CBBBFB1D23485EEE00314942 = {
			isa = PBXGroup;
			children = (
				CBBBFB2823485EEE00314942 /* GenderPrediction */,
				CBBBFB2723485EEE00314942 /* Products */,
			);
			sourceTree = "<group>";
		};
		CBBBFB2723485EEE00314942 /* Products */ = {
			isa = PBXGroup;
			children = (
				CBBBFB2623485EEE00314942 /* GenderPrediction.app */,
			);
			name = Products;
			sourceTree = "<group>";
		};
		CBBBFB2823485EEE00314942 /* GenderPrediction */ = {
			isa = PBXGroup;
			children = (
				CBBBFB2923485EEE00314942 /* AppDelegate.swift */,
				CBBBFB2B23485EEE00314942 /* SceneDelegate.swift */,
				CBBBFB2D23485EEE00314942 /* ViewController.swift */,
				CBBBFB3D2348642600314942 /* GenderByName.mlmodel */,
				CBBBFB2F23485EEE00314942 /* Main.storyboard */,
				CBBBFB3223485EF000314942 /* Assets.xcassets */,
				CBBBFB3423485EF000314942 /* LaunchScreen.storyboard */,
				CBBBFB3723485EF000314942 /* Info.plist */,
			);
			path = GenderPrediction;
			sourceTree = "<group>";
		};
/* End PBXGroup section */

/* Begin PBXNativeTarget section */
		CBBBFB2523485EEE00314942 /* GenderPrediction */ = {
			isa = PBXNativeTarget;
			buildConfigurationList = CBBBFB3A23485EF000314942 /* Build configuration list for PBXNativeTarget "GenderPrediction" */;
			buildPhases = (
				CBBBFB2223485EEE00314942 /* Sources */,
				CBBBFB2323485EEE00314942 /* Frameworks */,
				CBBBFB2423485EEE00314942 /* Resources */,
			);
			buildRules = (
			);
			dependencies = (
			);
			name = GenderPrediction;
			productName = GenderPrediction;
			productReference = CBBBFB2623485EEE00314942 /* GenderPrediction.app */;
			productType = "com.apple.product-type.application";
		};
/* End PBXNativeTarget section */

/* Begin PBXProject section */
		CBBBFB1E23485EEE00314942 /* Project object */ = {
			isa = PBXProject;
			attributes = {
				LastSwiftUpdateCheck = 1100;
				LastUpgradeCheck = 1100;
				ORGANIZATIONNAME = "Umer Khan";
				TargetAttributes = {
					CBBBFB2523485EEE00314942 = {
						CreatedOnToolsVersion = 11.0;
					};
				};
			};
			buildConfigurationList = CBBBFB2123485EEE00314942 /* Build configuration list for PBXProject "GenderPrediction" */;
			compatibilityVersion = "Xcode 9.3";
			developmentRegion = en;
			hasScannedForEncodings = 0;
			knownRegions = (
				en,
				Base,
			);
			mainGroup = CBBBFB1D23485EEE00314942;
			productRefGroup = CBBBFB2723485EEE00314942 /* Products */;
			projectDirPath = "";
			projectRoot = "";
			targets = (
				CBBBFB2523485EEE00314942 /* GenderPrediction */,
			);
		};
/* End PBXProject section */

/* Begin PBXResourcesBuildPhase section */
		CBBBFB2423485EEE00314942 /* Resources */ = {
			isa = PBXResourcesBuildPhase;
			buildActionMask = 2147483647;
			files = (
				CBBBFB3623485EF000314942 /* LaunchScreen.storyboard in Resources */,
				CBBBFB3323485EF000314942 /* Assets.xcassets in Resources */,
				CBBBFB3123485EEE00314942 /* Main.storyboard in Resources */,
			);
			runOnlyForDeploymentPostprocessing = 0;
		};
/* End PBXResourcesBuildPhase section */

/* Begin PBXSourcesBuildPhase section */
		CBBBFB2223485EEE00314942 /* Sources */ = {
			isa = PBXSourcesBuildPhase;
			buildActionMask = 2147483647;
			files = (
				CBBBFB2E23485EEE00314942 /* ViewController.swift in Sources */,
				CBBBFB3E2348642600314942 /* GenderByName.mlmodel in Sources */,
				CBBBFB2A23485EEE00314942 /* AppDelegate.swift in Sources */,
				CBBBFB2C23485EEE00314942 /* SceneDelegate.swift in Sources */,
			);
			runOnlyForDeploymentPostprocessing = 0;
		};
/* End PBXSourcesBuildPhase section */

/* Begin PBXVariantGroup section */
		CBBBFB2F23485EEE00314942 /* Main.storyboard */ = {
			isa = PBXVariantGroup;
			children = (
				CBBBFB3023485EEE00314942 /* Base */,
			);
			name = Main.storyboard;
			sourceTree = "<group>";
		};
		CBBBFB3423485EF000314942 /* LaunchScreen.storyboard */ = {
			isa = PBXVariantGroup;
			children = (
				CBBBFB3523485EF000314942 /* Base */,
			);
			name = LaunchScreen.storyboard;
			sourceTree = "<group>";
		};
/* End PBXVariantGroup section */

/* Begin XCBuildConfiguration section */
		CBBBFB3823485EF000314942 /* Debug */ = {
			isa = XCBuildConfiguration;
			buildSettings = {
				ALWAYS_SEARCH_USER_PATHS = NO;
				CLANG_ANALYZER_NONNULL = YES;
				CLANG_ANALYZER_NUMBER_OBJECT_CONVERSION = YES_AGGRESSIVE;
				CLANG_CXX_LANGUAGE_STANDARD = "gnu++14";
				CLANG_CXX_LIBRARY = "libc++";
				CLANG_ENABLE_MODULES = YES;
				CLANG_ENABLE_OBJC_ARC = YES;
				CLANG_ENABLE_OBJC_WEAK = YES;
				CLANG_WARN_BLOCK_CAPTURE_AUTORELEASING = YES;
				CLANG_WARN_BOOL_CONVERSION = YES;
				CLANG_WARN_COMMA = YES;
				CLANG_WARN_CONSTANT_CONVERSION = YES;
				CLANG_WARN_DEPRECATED_OBJC_IMPLEMENTATIONS = YES;
				CLANG_WARN_DIRECT_OBJC_ISA_USAGE = YES_ERROR;
				CLANG_WARN_DOCUMENTATION_COMMENTS = YES;
				CLANG_WARN_EMPTY_BODY = YES;
				CLANG_WARN_ENUM_CONVERSION = YES;
				CLANG_WARN_INFINITE_RECURSION = YES;
				CLANG_WARN_INT_CONVERSION = YES;
				CLANG_WARN_NON_LITERAL_NULL_CONVERSION = YES;
				CLANG_WARN_OBJC_IMPLICIT_RETAIN_SELF = YES;
				CLANG_WARN_OBJC_LITERAL_CONVERSION = YES;
				CLANG_WARN_OBJC_ROOT_CLASS = YES_ERROR;
				CLANG_WARN_RANGE_LOOP_ANALYSIS = YES;
				CLANG_WARN_STRICT_PROTOTYPES = YES;
				CLANG_WARN_SUSPICIOUS_MOVE = YES;
				CLANG_WARN_UNGUARDED_AVAILABILITY = YES_AGGRESSIVE;
				CLANG_WARN_UNREACHABLE_CODE = YES;
				CLANG_WARN__DUPLICATE_METHOD_MATCH = YES;
				COPY_PHASE_STRIP = NO;
				DEBUG_INFORMATION_FORMAT = dwarf;
				ENABLE_STRICT_OBJC_MSGSEND = YES;
				ENABLE_TESTABILITY = YES;
				GCC_C_LANGUAGE_STANDARD = gnu11;
				GCC_DYNAMIC_NO_PIC = NO;
				GCC_NO_COMMON_BLOCKS = YES;
				GCC_OPTIMIZATION_LEVEL = 0;
				GCC_PREPROCESSOR_DEFINITIONS = (
					"DEBUG=1",
					"$(inherited)",
				);
				GCC_WARN_64_TO_32_BIT_CONVERSION = YES;
				GCC_WARN_ABOUT_RETURN_TYPE = YES_ERROR;
				GCC_WARN_UNDECLARED_SELECTOR = YES;
				GCC_WARN_UNINITIALIZED_AUTOS = YES_AGGRESSIVE;
				GCC_WARN_UNUSED_FUNCTION = YES;
				GCC_WARN_UNUSED_VARIABLE = YES;
				IPHONEOS_DEPLOYMENT_TARGET = 13.0;
				MTL_ENABLE_DEBUG_INFO = INCLUDE_SOURCE;
				MTL_FAST_MATH = YES;
				ONLY_ACTIVE_ARCH = YES;
				SDKROOT = iphoneos;
				SWIFT_ACTIVE_COMPILATION_CONDITIONS = DEBUG;
				SWIFT_OPTIMIZATION_LEVEL = "-Onone";
			};
			name = Debug;
		};
		CBBBFB3923485EF000314942 /* Release */ = {
			isa = XCBuildConfiguration;
			buildSettings = {
				ALWAYS_SEARCH_USER_PATHS = NO;
				CLANG_ANALYZER_NONNULL = YES;
				CLANG_ANALYZER_NUMBER_OBJECT_CONVERSION = YES_AGGRESSIVE;
				CLANG_CXX_LANGUAGE_STANDARD = "gnu++14";
				CLANG_CXX_LIBRARY = "libc++";
				CLANG_ENABLE_MODULES = YES;
				CLANG_ENABLE_OBJC_ARC = YES;
				CLANG_ENABLE_OBJC_WEAK = YES;
				CLANG_WARN_BLOCK_CAPTURE_AUTORELEASING = YES;
				CLANG_WARN_BOOL_CONVERSION = YES;
				CLANG_WARN_COMMA = YES;
				CLANG_WARN_CONSTANT_CONVERSION = YES;
				CLANG_WARN_DEPRECATED_OBJC_IMPLEMENTATIONS = YES;
				CLANG_WARN_DIRECT_OBJC_ISA_USAGE = YES_ERROR;
				CLANG_WARN_DOCUMENTATION_COMMENTS = YES;
				CLANG_WARN_EMPTY_BODY = YES;
				CLANG_WARN_ENUM_CONVERSION = YES;
				CLANG_WARN_INFINITE_RECURSION = YES;
				CLANG_WARN_INT_CONVERSION = YES;
				CLANG_WARN_NON_LITERAL_NULL_CONVERSION = YES;
				CLANG_WARN_OBJC_IMPLICIT_RETAIN_SELF = YES;
				CLANG_WARN_OBJC_LITERAL_CONVERSION = YES;
				CLANG_WARN_OBJC_ROOT_CLASS = YES_ERROR;
				CLANG_WARN_RANGE_LOOP_ANALYSIS = YES;
				CLANG_WARN_STRICT_PROTOTYPES = YES;
				CLANG_WARN_SUSPICIOUS_MOVE = YES;
				CLANG_WARN_UNGUARDED_AVAILABILITY = YES_AGGRESSIVE;
				CLANG_WARN_UNREACHABLE_CODE = YES;
				CLANG_WARN__DUPLICATE_METHOD_MATCH = YES;
				COPY_PHASE_STRIP = NO;
				DEBUG_INFORMATION_FORMAT = "dwarf-with-dsym";
				ENABLE_NS_ASSERTIONS = NO;
				ENABLE_STRICT_OBJC_MSGSEND = YES;
				GCC_C_LANGUAGE_STANDARD = gnu11;
				GCC_NO_COMMON_BLOCKS = YES;
				GCC_WARN_64_TO_32_BIT_CONVERSION = YES;
				GCC_WARN_ABOUT_RETURN_TYPE = YES_ERROR;
				GCC_WARN_UNDECLARED_SELECTOR = YES;
				GCC_WARN_UNINITIALIZED_AUTOS = YES_AGGRESSIVE;
				GCC_WARN_UNUSED_FUNCTION = YES;
				GCC_WARN_UNUSED_VARIABLE = YES;
				IPHONEOS_DEPLOYMENT_TARGET = 13.0;
				MTL_ENABLE_DEBUG_INFO = NO;
				MTL_FAST_MATH = YES;
				SDKROOT = iphoneos;
				SWIFT_COMPILATION_MODE = wholemodule;
				SWIFT_OPTIMIZATION_LEVEL = "-O";
				VALIDATE_PRODUCT = YES;
			};
			name = Release;
		};
		CBBBFB3B23485EF000314942 /* Debug */ = {
			isa = XCBuildConfiguration;
			buildSettings = {
				ASSETCATALOG_COMPILER_APPICON_NAME = AppIcon;
				CODE_SIGN_STYLE = Automatic;
				INFOPLIST_FILE = GenderPrediction/Info.plist;
				LD_RUNPATH_SEARCH_PATHS = (
					"$(inherited)",
					"@executable_path/Frameworks",
				);
				PRODUCT_BUNDLE_IDENTIFIER = com.AradianDevelopers.GenderPrediction;
				PRODUCT_NAME = "$(TARGET_NAME)";
				SWIFT_VERSION = 5.0;
				TARGETED_DEVICE_FAMILY = 1;
			};
			name = Debug;
		};
		CBBBFB3C23485EF000314942 /* Release */ = {
			isa = XCBuildConfiguration;
			buildSettings = {
				ASSETCATALOG_COMPILER_APPICON_NAME = AppIcon;
				CODE_SIGN_STYLE = Automatic;
				INFOPLIST_FILE = GenderPrediction/Info.plist;
				LD_RUNPATH_SEARCH_PATHS = (
					"$(inherited)",
					"@executable_path/Frameworks",
				);
				PRODUCT_BUNDLE_IDENTIFIER = com.AradianDevelopers.GenderPrediction;
				PRODUCT_NAME = "$(TARGET_NAME)";
				SWIFT_VERSION = 5.0;
				TARGETED_DEVICE_FAMILY = 1;
			};
			name = Release;
		};
/* End XCBuildConfiguration section */

/* Begin XCConfigurationList section */
		CBBBFB2123485EEE00314942 /* Build configuration list for PBXProject "GenderPrediction" */ = {
			isa = XCConfigurationList;
			buildConfigurations = (
				CBBBFB3823485EF000314942 /* Debug */,
				CBBBFB3923485EF000314942 /* Release */,
			);
			defaultConfigurationIsVisible = 0;
			defaultConfigurationName = Release;
		};
		CBBBFB3A23485EF000314942 /* Build configuration list for PBXNativeTarget "GenderPrediction" */ = {
			isa = XCConfigurationList;
			buildConfigurations = (
				CBBBFB3B23485EF000314942 /* Debug */,
				CBBBFB3C23485EF000314942 /* Release */,
			);
			defaultConfigurationIsVisible = 0;
			defaultConfigurationName = Release;
		};
/* End XCConfigurationList section */
	};
	rootObject = CBBBFB1E23485EEE00314942 /* Project object */;
}
